
Microsoft Visual Studio Solution File, Format Version 12.00
# Visual Studio Version 17
VisualStudioVersion = 17.2.32616.157
MinimumVisualStudioVersion = 10.0.40219.1
Project("{FAE04EC0-301F-11D3-BF4B-00C04F79EFBC}") = "WebApplication1", "WebApplication1.csproj", "{84934714-BC5A-443C-9B53-F7FF4A6E62E5}"
EndProject
Global
	GlobalSection(SolutionConfigurationPlatforms) = preSolution
		Debug|Any CPU = Debug|Any CPU
		Release|Any CPU = Release|Any CPU
	EndGlobalSection
	GlobalSection(ProjectConfigurationPlatforms) = postSolution
		{84934714-BC5A-443C-9B53-F7FF4A6E62E5}.Debug|Any CPU.ActiveCfg = Debug|Any CPU
		{84934714-BC5A-443C-9B53-F7FF4A6E62E5}.Debug|Any CPU.Build.0 = Debug|Any CPU
		{84934714-BC5A-443C-9B53-F7FF4A6E62E5}.Release|Any CPU.ActiveCfg = Release|Any CPU
		{84934714-BC5A-443C-9B53-F7FF4A6E62E5}.Release|Any CPU.Build.0 = Release|Any CPU
	EndGlobalSection
	GlobalSection(SolutionProperties) = preSolution
		HideSolutionNode = FALSE
	EndGlobalSection
	GlobalSection(ExtensibilityGlobals) = postSolution
		SolutionGuid = {28A611FC-B7D7-492D-9FB3-6971E1F43EE3}
	EndGlobalSection
EndGlobal
